
Microsoft Visual Studio Solution File, Format Version 12.00
# Visual Studio Version 17
VisualStudioVersion = 17.1.32210.238
MinimumVisualStudioVersion = 10.0.40219.1
Project("{FAE04EC0-301F-11D3-BF4B-00C04F79EFBC}") = "AddressBook", "AddressBook\AddressBook.csproj", "{F4F3925D-F262-4E3E-ACC7-B8BA6EC2A736}"
EndProject
Global
	GlobalSection(SolutionConfigurationPlatforms) = preSolution
		Debug|Any CPU = Debug|Any CPU
		Release|Any CPU = Release|Any CPU
	EndGlobalSection
	GlobalSection(ProjectConfigurationPlatforms) = postSolution
		{F4F3925D-F262-4E3E-ACC7-B8BA6EC2A736}.Debug|Any CPU.ActiveCfg = Debug|Any CPU
		{F4F3925D-F262-4E3E-ACC7-B8BA6EC2A736}.Debug|Any CPU.Build.0 = Debug|Any CPU
		{F4F3925D-F262-4E3E-ACC7-B8BA6EC2A736}.Release|Any CPU.ActiveCfg = Release|Any CPU
		{F4F3925D-F262-4E3E-ACC7-B8BA6EC2A736}.Release|Any CPU.Build.0 = Release|Any CPU
	EndGlobalSection
	GlobalSection(SolutionProperties) = preSolution
		HideSolutionNode = FALSE
	EndGlobalSection
	GlobalSection(ExtensibilityGlobals) = postSolution
		SolutionGuid = {E6F930DB-2D4D-4923-B0CC-916178891A3E}
	EndGlobalSection
EndGlobal
